// !$*UTF8*$!
{
	archiveVersion = 1;
	classes = {
	};
	objectVersion = 46;
	objects = {

/* Begin PBXBuildFile section */
		95A5FEEE1F5A9E52006A50F1 /* AppDelegate.swift in Sources */ = {isa = PBXBuildFile; fileRef = 95A5FEED1F5A9E52006A50F1 /* AppDelegate.swift */; };
		95A5FEF01F5A9E52006A50F1 /* ViewController.swift in Sources */ = {isa = PBXBuildFile; fileRef = 95A5FEEF1F5A9E52006A50F1 /* ViewController.swift */; };
		95A5FEF31F5A9E52006A50F1 /* Main.storyboard in Resources */ = {isa = PBXBuildFile; fileRef = 95A5FEF11F5A9E52006A50F1 /* Main.storyboard */; };
		95A5FEF51F5A9E52006A50F1 /* Assets.xcassets in Resources */ = {isa = PBXBuildFile; fileRef = 95A5FEF41F5A9E52006A50F1 /* Assets.xcassets */; };
		95A5FEF81F5A9E52006A50F1 /* LaunchScreen.storyboard in Resources */ = {isa = PBXBuildFile; fileRef = 95A5FEF61F5A9E52006A50F1 /* LaunchScreen.storyboard */; };
/* End PBXBuildFile section */

/* Begin PBXFileReference section */
		95A5FEEA1F5A9E52006A50F1 /* ReSwiftLogin.app */ = {isa = PBXFileReference; explicitFileType = wrapper.application; includeInIndex = 0; path = ReSwiftLogin.app; sourceTree = BUILT_PRODUCTS_DIR; };
		95A5FEED1F5A9E52006A50F1 /* AppDelegate.swift */ = {isa = PBXFileReference; lastKnownFileType = sourcecode.swift; path = AppDelegate.swift; sourceTree = "<group>"; };
		95A5FEEF1F5A9E52006A50F1 /* ViewController.swift */ = {isa = PBXFileReference; lastKnownFileType = sourcecode.swift; path = ViewController.swift; sourceTree = "<group>"; };
		95A5FEF21F5A9E52006A50F1 /* Base */ = {isa = PBXFileReference; lastKnownFileType = file.storyboard; name = Base; path = Base.lproj/Main.storyboard; sourceTree = "<group>"; };
		95A5FEF41F5A9E52006A50F1 /* Assets.xcassets */ = {isa = PBXFileReference; lastKnownFileType = folder.assetcatalog; path = Assets.xcassets; sourceTree = "<group>"; };
		95A5FEF71F5A9E52006A50F1 /* Base */ = {isa = PBXFileReference; lastKnownFileType = file.storyboard; name = Base; path = Base.lproj/LaunchScreen.storyboard; sourceTree = "<group>"; };
		95A5FEF91F5A9E52006A50F1 /* Info.plist */ = {isa = PBXFileReference; lastKnownFileType = text.plist.xml; path = Info.plist; sourceTree = "<group>"; };
/* End PBXFileReference section */

/* Begin PBXFrameworksBuildPhase section */
		95A5FEE71F5A9E52006A50F1 /* Frameworks */ = {
			isa = PBXFrameworksBuildPhase;
			buildActionMask = 2147483647;
			files = (
			);
			runOnlyForDeploymentPostprocessing = 0;
		};
/* End PBXFrameworksBuildPhase section */

/* Begin PBXGroup section */
		95A5FEE11F5A9E52006A50F1 = {
			isa = PBXGroup;
			children = (
				95A5FEEC1F5A9E52006A50F1 /* ReSwiftLogin */,
				95A5FEEB1F5A9E52006A50F1 /* Products */,
			);
			sourceTree = "<group>";
		};
		95A5FEEB1F5A9E52006A50F1 /* Products */ = {
			isa = PBXGroup;
			children = (
				95A5FEEA1F5A9E52006A50F1 /* ReSwiftLogin.app */,
			);
			name = Products;
			sourceTree = "<group>";
		};
		95A5FEEC1F5A9E52006A50F1 /* ReSwiftLogin */ = {
			isa = PBXGroup;
			children = (
				95A5FEED1F5A9E52006A50F1 /* AppDelegate.swift */,
				95A5FEEF1F5A9E52006A50F1 /* ViewController.swift */,
				95A5FEF11F5A9E52006A50F1 /* Main.storyboard */,
				95A5FEF41F5A9E52006A50F1 /* Assets.xcassets */,
				95A5FEF61F5A9E52006A50F1 /* LaunchScreen.storyboard */,
				95A5FEF91F5A9E52006A50F1 /* Info.plist */,
			);
			path = ReSwiftLogin;
			sourceTree = "<group>";
		};
/* End PBXGroup section */

/* Begin PBXNativeTarget section */
		95A5FEE91F5A9E52006A50F1 /* ReSwiftLogin */ = {
			isa = PBXNativeTarget;
			buildConfigurationList = 95A5FEFC1F5A9E52006A50F1 /* Build configuration list for PBXNativeTarget "ReSwiftLogin" */;
			buildPhases = (
				95A5FEE61F5A9E52006A50F1 /* Sources */,
				95A5FEE71F5A9E52006A50F1 /* Frameworks */,
				95A5FEE81F5A9E52006A50F1 /* Resources */,
			);
			buildRules = (
			);
			dependencies = (
			);
			name = ReSwiftLogin;
			productName = ReSwiftLogin;
			productReference = 95A5FEEA1F5A9E52006A50F1 /* ReSwiftLogin.app */;
			productType = "com.apple.product-type.application";
		};
/* End PBXNativeTarget section */

/* Begin PBXProject section */
		95A5FEE21F5A9E52006A50F1 /* Project object */ = {
			isa = PBXProject;
			attributes = {
				LastSwiftUpdateCheck = 0830;
				LastUpgradeCheck = 0830;
				ORGANIZATIONNAME = jianing;
				TargetAttributes = {
					95A5FEE91F5A9E52006A50F1 = {
						CreatedOnToolsVersion = 8.3.3;
						DevelopmentTeam = C8VX3ZLX5U;
						ProvisioningStyle = Automatic;
					};
				};
			};
			buildConfigurationList = 95A5FEE51F5A9E52006A50F1 /* Build configuration list for PBXProject "ReSwiftLogin" */;
			compatibilityVersion = "Xcode 3.2";
			developmentRegion = English;
			hasScannedForEncodings = 0;
			knownRegions = (
				en,
				Base,
			);
			mainGroup = 95A5FEE11F5A9E52006A50F1;
			productRefGroup = 95A5FEEB1F5A9E52006A50F1 /* Products */;
			projectDirPath = "";
			projectRoot = "";
			targets = (
				95A5FEE91F5A9E52006A50F1 /* ReSwiftLogin */,
			);
		};
/* End PBXProject section */

/* Begin PBXResourcesBuildPhase section */
		95A5FEE81F5A9E52006A50F1 /* Resources */ = {
			isa = PBXResourcesBuildPhase;
			buildActionMask = 2147483647;
			files = (
				95A5FEF81F5A9E52006A50F1 /* LaunchScreen.storyboard in Resources */,
				95A5FEF51F5A9E52006A50F1 /* Assets.xcassets in Resources */,
				95A5FEF31F5A9E52006A50F1 /* Main.storyboard in Resources */,
			);
			runOnlyForDeploymentPostprocessing = 0;
		};
/* End PBXResourcesBuildPhase section */

/* Begin PBXSourcesBuildPhase section */
		95A5FEE61F5A9E52006A50F1 /* Sources */ = {
			isa = PBXSourcesBuildPhase;
			buildActionMask = 2147483647;
			files = (
				95A5FEF01F5A9E52006A50F1 /* ViewController.swift in Sources */,
				95A5FEEE1F5A9E52006A50F1 /* AppDelegate.swift in Sources */,
			);
			runOnlyForDeploymentPostprocessing = 0;
		};
/* End PBXSourcesBuildPhase section */

/* Begin PBXVariantGroup section */
		95A5FEF11F5A9E52006A50F1 /* Main.storyboard */ = {
			isa = PBXVariantGroup;
			children = (
				95A5FEF21F5A9E52006A50F1 /* Base */,
			);
			name = Main.storyboard;
			sourceTree = "<group>";
		};
		95A5FEF61F5A9E52006A50F1 /* LaunchScreen.storyboard */ = {
			isa = PBXVariantGroup;
			children = (
				95A5FEF71F5A9E52006A50F1 /* Base */,
			);
			name = LaunchScreen.storyboard;
			sourceTree = "<group>";
		};
/* End PBXVariantGroup section */

/* Begin XCBuildConfiguration section */
		95A5FEFA1F5A9E52006A50F1 /* Debug */ = {
			isa = XCBuildConfiguration;
			buildSettings = {
				ALWAYS_SEARCH_USER_PATHS = NO;
				CLANG_ANALYZER_NONNULL = YES;
				CLANG_ANALYZER_NUMBER_OBJECT_CONVERSION = YES_AGGRESSIVE;
				CLANG_CXX_LANGUAGE_STANDARD = "gnu++0x";
				CLANG_CXX_LIBRARY = "libc++";
				CLANG_ENABLE_MODULES = YES;
				CLANG_ENABLE_OBJC_ARC = YES;
				CLANG_WARN_BOOL_CONVERSION = YES;
				CLANG_WARN_CONSTANT_CONVERSION = YES;
				CLANG_WARN_DIRECT_OBJC_ISA_USAGE = YES_ERROR;
				CLANG_WARN_DOCUMENTATION_COMMENTS = YES;
				CLANG_WARN_EMPTY_BODY = YES;
				CLANG_WARN_ENUM_CONVERSION = YES;
				CLANG_WARN_INFINITE_RECURSION = YES;
				CLANG_WARN_INT_CONVERSION = YES;
				CLANG_WARN_OBJC_ROOT_CLASS = YES_ERROR;
				CLANG_WARN_SUSPICIOUS_MOVE = YES;
				CLANG_WARN_UNREACHABLE_CODE = YES;
				CLANG_WARN__DUPLICATE_METHOD_MATCH = YES;
				"CODE_SIGN_IDENTITY[sdk=iphoneos*]" = "iPhone Developer";
				COPY_PHASE_STRIP = NO;
				DEBUG_INFORMATION_FORMAT = dwarf;
				ENABLE_STRICT_OBJC_MSGSEND = YES;
				ENABLE_TESTABILITY = YES;
				GCC_C_LANGUAGE_STANDARD = gnu99;
				GCC_DYNAMIC_NO_PIC = NO;
				GCC_NO_COMMON_BLOCKS = YES;
				GCC_OPTIMIZATION_LEVEL = 0;
				GCC_PREPROCESSOR_DEFINITIONS = (
					"DEBUG=1",
					"$(inherited)",
				);
				GCC_WARN_64_TO_32_BIT_CONVERSION = YES;
				GCC_WARN_ABOUT_RETURN_TYPE = YES_ERROR;
				GCC_WARN_UNDECLARED_SELECTOR = YES;
				GCC_WARN_UNINITIALIZED_AUTOS = YES_AGGRESSIVE;
				GCC_WARN_UNUSED_FUNCTION = YES;
				GCC_WARN_UNUSED_VARIABLE = YES;
				IPHONEOS_DEPLOYMENT_TARGET = 10.3;
				MTL_ENABLE_DEBUG_INFO = YES;
				ONLY_ACTIVE_ARCH = YES;
				SDKROOT = iphoneos;
				SWIFT_ACTIVE_COMPILATION_CONDITIONS = DEBUG;
				SWIFT_OPTIMIZATION_LEVEL = "-Onone";
				TARGETED_DEVICE_FAMILY = "1,2";
			};
			name = Debug;
		};
		95A5FEFB1F5A9E52006A50F1 /* Release */ = {
			isa = XCBuildConfiguration;
			buildSettings = {
				ALWAYS_SEARCH_USER_PATHS = NO;
				CLANG_ANALYZER_NONNULL = YES;
				CLANG_ANALYZER_NUMBER_OBJECT_CONVERSION = YES_AGGRESSIVE;
				CLANG_CXX_LANGUAGE_STANDARD = "gnu++0x";
				CLANG_CXX_LIBRARY = "libc++";
				CLANG_ENABLE_MODULES = YES;
				CLANG_ENABLE_OBJC_ARC = YES;
				CLANG_WARN_BOOL_CONVERSION = YES;
				CLANG_WARN_CONSTANT_CONVERSION = YES;
				CLANG_WARN_DIRECT_OBJC_ISA_USAGE = YES_ERROR;
				CLANG_WARN_DOCUMENTATION_COMMENTS = YES;
				CLANG_WARN_EMPTY_BODY = YES;
				CLANG_WARN_ENUM_CONVERSION = YES;
				CLANG_WARN_INFINITE_RECURSION = YES;
				CLANG_WARN_INT_CONVERSION = YES;
				CLANG_WARN_OBJC_ROOT_CLASS = YES_ERROR;
				CLANG_WARN_SUSPICIOUS_MOVE = YES;
				CLANG_WARN_UNREACHABLE_CODE = YES;
				CLANG_WARN__DUPLICATE_METHOD_MATCH = YES;
				"CODE_SIGN_IDENTITY[sdk=iphoneos*]" = "iPhone Developer";
				COPY_PHASE_STRIP = NO;
				DEBUG_INFORMATION_FORMAT = "dwarf-with-dsym";
				ENABLE_NS_ASSERTIONS = NO;
				ENABLE_STRICT_OBJC_MSGSEND = YES;
				GCC_C_LANGUAGE_STANDARD = gnu99;
				GCC_NO_COMMON_BLOCKS = YES;
				GCC_WARN_64_TO_32_BIT_CONVERSION = YES;
				GCC_WARN_ABOUT_RETURN_TYPE = YES_ERROR;
				GCC_WARN_UNDECLARED_SELECTOR = YES;
				GCC_WARN_UNINITIALIZED_AUTOS = YES_AGGRESSIVE;
				GCC_WARN_UNUSED_FUNCTION = YES;
				GCC_WARN_UNUSED_VARIABLE = YES;
				IPHONEOS_DEPLOYMENT_TARGET = 10.3;
				MTL_ENABLE_DEBUG_INFO = NO;
				SDKROOT = iphoneos;
				SWIFT_OPTIMIZATION_LEVEL = "-Owholemodule";
				TARGETED_DEVICE_FAMILY = "1,2";
				VALIDATE_PRODUCT = YES;
			};
			name = Release;
		};
		95A5FEFD1F5A9E52006A50F1 /* Debug */ = {
			isa = XCBuildConfiguration;
			buildSettings = {
				ASSETCATALOG_COMPILER_APPICON_NAME = AppIcon;
				DEVELOPMENT_TEAM = C8VX3ZLX5U;
				INFOPLIST_FILE = ReSwiftLogin/Info.plist;
				LD_RUNPATH_SEARCH_PATHS = "$(inherited) @executable_path/Frameworks";
				PRODUCT_BUNDLE_IDENTIFIER = com.jianing.ReSwiftLogin;
				PRODUCT_NAME = "$(TARGET_NAME)";
				SWIFT_VERSION = 3.0;
			};
			name = Debug;
		};
		95A5FEFE1F5A9E52006A50F1 /* Release */ = {
			isa = XCBuildConfiguration;
			buildSettings = {
				ASSETCATALOG_COMPILER_APPICON_NAME = AppIcon;
				DEVELOPMENT_TEAM = C8VX3ZLX5U;
				INFOPLIST_FILE = ReSwiftLogin/Info.plist;
				LD_RUNPATH_SEARCH_PATHS = "$(inherited) @executable_path/Frameworks";
				PRODUCT_BUNDLE_IDENTIFIER = com.jianing.ReSwiftLogin;
				PRODUCT_NAME = "$(TARGET_NAME)";
				SWIFT_VERSION = 3.0;
			};
			name = Release;
		};
/* End XCBuildConfiguration section */

/* Begin XCConfigurationList section */
		95A5FEE51F5A9E52006A50F1 /* Build configuration list for PBXProject "ReSwiftLogin" */ = {
			isa = XCConfigurationList;
			buildConfigurations = (
				95A5FEFA1F5A9E52006A50F1 /* Debug */,
				95A5FEFB1F5A9E52006A50F1 /* Release */,
			);
			defaultConfigurationIsVisible = 0;
			defaultConfigurationName = Release;
		};
		95A5FEFC1F5A9E52006A50F1 /* Build configuration list for PBXNativeTarget "ReSwiftLogin" */ = {
			isa = XCConfigurationList;
			buildConfigurations = (
				95A5FEFD1F5A9E52006A50F1 /* Debug */,
				95A5FEFE1F5A9E52006A50F1 /* Release */,
			);
			defaultConfigurationIsVisible = 0;
		};
/* End XCConfigurationList section */
	};
	rootObject = 95A5FEE21F5A9E52006A50F1 /* Project object */;
}
